{
  "requires": true,
  "lockfileVersion": 1,
  "dependencies": {
    "react-id-generator": {
      "version": "3.0.1",
      "resolved": "https://registry.npmjs.org/react-id-generator/-/react-id-generator-3.0.1.tgz",
      "integrity": "sha512-YxorMaYxB8ItXA3Cuadcl/8ZaquU9Tzrrr5ogFL8tNqevF96cmCtx3LZLXYqBEj3BxoV9aBIK5yJjIuX/XHQ1A=="
    }
  }
}
